
Microsoft Visual Studio Solution File, Format Version 12.00
# Visual Studio Version 17
VisualStudioVersion = 17.0.32014.148
MinimumVisualStudioVersion = 10.0.40219.1
Project("{888888A0-9F3D-457C-B088-3A5042F75D52}") = "(Python) Decorador @property", "(Python) Decorador @property\(Python) Decorador @property.pyproj", "{05DCE215-D2EF-4CAC-8236-B8FFF7E712FC}"
EndProject
Global
	GlobalSection(SolutionConfigurationPlatforms) = preSolution
		Debug|Any CPU = Debug|Any CPU
		Release|Any CPU = Release|Any CPU
	EndGlobalSection
	GlobalSection(ProjectConfigurationPlatforms) = postSolution
		{05DCE215-D2EF-4CAC-8236-B8FFF7E712FC}.Debug|Any CPU.ActiveCfg = Debug|Any CPU
		{05DCE215-D2EF-4CAC-8236-B8FFF7E712FC}.Release|Any CPU.ActiveCfg = Release|Any CPU
	EndGlobalSection
	GlobalSection(SolutionProperties) = preSolution
		HideSolutionNode = FALSE
	EndGlobalSection
	GlobalSection(ExtensibilityGlobals) = postSolution
		SolutionGuid = {10FF85EF-EBED-415F-9E0D-FD2ECAB5E5B5}
	EndGlobalSection
EndGlobal
